// !$*UTF8*$!
{
	archiveVersion = 1;
	classes = {
	};
	objectVersion = 56;
	objects = {

/* Begin PBXBuildFile section */
		E902704D2DC8AE4400469B3B /* AppTabBar.swift in Sources */ = {isa = PBXBuildFile; fileRef = E902704C2DC8AE4400469B3B /* AppTabBar.swift */; };
		E902704F2DC8BB5100469B3B /* ProfileView.swift in Sources */ = {isa = PBXBuildFile; fileRef = E902704E2DC8BB5100469B3B /* ProfileView.swift */; };
		E97BB2362DBFBB0F00B28FDF /* tart_prototypeApp.swift in Sources */ = {isa = PBXBuildFile; fileRef = E97BB2352DBFBB0F00B28FDF /* tart_prototypeApp.swift */; };
		E97BB2382DBFBB0F00B28FDF /* ContentView.swift in Sources */ = {isa = PBXBuildFile; fileRef = E97BB2372DBFBB0F00B28FDF /* ContentView.swift */; };
		E97BB23A2DBFBB1000B28FDF /* Assets.xcassets in Resources */ = {isa = PBXBuildFile; fileRef = E97BB2392DBFBB1000B28FDF /* Assets.xcassets */; };
		E97BB23D2DBFBB1000B28FDF /* Preview Assets.xcassets in Resources */ = {isa = PBXBuildFile; fileRef = E97BB23C2DBFBB1000B28FDF /* Preview Assets.xcassets */; };
		E9C19DA22DBFC89800783E16 /* LoginView.swift in Sources */ = {isa = PBXBuildFile; fileRef = E9C19DA12DBFC89800783E16 /* LoginView.swift */; };
		E9DEB6AC2DC10209006D502D /* HomeView.swift in Sources */ = {isa = PBXBuildFile; fileRef = E9DEB6AB2DC10209006D502D /* HomeView.swift */; };
		E9DEB6B02DC10341006D502D /* ArtworkCardView.swift in Sources */ = {isa = PBXBuildFile; fileRef = E9DEB6AF2DC10341006D502D /* ArtworkCardView.swift */; };
		E9DEB6B22DC10393006D502D /* InputOverley.swift in Sources */ = {isa = PBXBuildFile; fileRef = E9DEB6B12DC10393006D502D /* InputOverley.swift */; };
		E9E6F1422DCB37D10015BE6E /* FollowersView.swift in Sources */ = {isa = PBXBuildFile; fileRef = E9E6F1412DCB37D10015BE6E /* FollowersView.swift */; };
		E9E6F1442DCB37E90015BE6E /* CommentsMentionsView.swift in Sources */ = {isa = PBXBuildFile; fileRef = E9E6F1432DCB37E90015BE6E /* CommentsMentionsView.swift */; };
		E9E6F1462DCB3B0D0015BE6E /* EditProfileView.swift in Sources */ = {isa = PBXBuildFile; fileRef = E9E6F1452DCB3B0D0015BE6E /* EditProfileView.swift */; };
		E9E6F1482DCB42DC0015BE6E /* ProfileModel.swift in Sources */ = {isa = PBXBuildFile; fileRef = E9E6F1472DCB42DC0015BE6E /* ProfileModel.swift */; };
		E9EF52C22DC22F0900FD480A /* ArtworkDetailView.swift in Sources */ = {isa = PBXBuildFile; fileRef = E9EF52C12DC22F0900FD480A /* ArtworkDetailView.swift */; };
		E9EF52C42DC22F5400FD480A /* LifeUpdatesView.swift in Sources */ = {isa = PBXBuildFile; fileRef = E9EF52C32DC22F5400FD480A /* LifeUpdatesView.swift */; };
		E9EF52C62DC26F3400FD480A /* LifeUpdateDetailView.swift in Sources */ = {isa = PBXBuildFile; fileRef = E9EF52C52DC26F3400FD480A /* LifeUpdateDetailView.swift */; };
		E9FD935E2DC9EA25009CF6B4 /* ComponentsLibrary.swift in Sources */ = {isa = PBXBuildFile; fileRef = E9FD935D2DC9EA25009CF6B4 /* ComponentsLibrary.swift */; };
		E9FD93602DC9EA35009CF6B4 /* ImagePickerView.swift in Sources */ = {isa = PBXBuildFile; fileRef = E9FD935F2DC9EA35009CF6B4 /* ImagePickerView.swift */; };
		E9FD93622DC9EA60009CF6B4 /* MessageView.swift in Sources */ = {isa = PBXBuildFile; fileRef = E9FD93612DC9EA60009CF6B4 /* MessageView.swift */; };
		E9FD93642DC9EA7D009CF6B4 /* ChatDetailView.swift in Sources */ = {isa = PBXBuildFile; fileRef = E9FD93632DC9EA7D009CF6B4 /* ChatDetailView.swift */; };
		E9FD93672DC9EAB9009CF6B4 /* MessageModels.swift in Sources */ = {isa = PBXBuildFile; fileRef = E9FD93662DC9EAB9009CF6B4 /* MessageModels.swift */; };
		E9FD936B2DC9FA41009CF6B4 /* ArtworkUploadView.swift in Sources */ = {isa = PBXBuildFile; fileRef = E9FD936A2DC9FA41009CF6B4 /* ArtworkUploadView.swift */; };
		F13125C72DD3DBF600DD886C /* MockData.swift in Sources */ = {isa = PBXBuildFile; fileRef = F13125C62DD3DBF600DD886C /* MockData.swift */; };
		F13125C82DD3DBF600DD886C /* ArtworkViewModel.swift in Sources */ = {isa = PBXBuildFile; fileRef = F13125C32DD3DBF600DD886C /* ArtworkViewModel.swift */; };
		F13125C92DD3DBF600DD886C /* HomeViewModel.swift in Sources */ = {isa = PBXBuildFile; fileRef = F13125C42DD3DBF600DD886C /* HomeViewModel.swift */; };
		F13125CA2DD3DBF600DD886C /* LifeUpdateViewModel.swift in Sources */ = {isa = PBXBuildFile; fileRef = F13125C52DD3DBF600DD886C /* LifeUpdateViewModel.swift */; };
		F13125D92DD3DC4100DD886C /* AuthService.swift in Sources */ = {isa = PBXBuildFile; fileRef = F13125D42DD3DC4100DD886C /* AuthService.swift */; };
		F13125DA2DD3DC4100DD886C /* HomeService.swift in Sources */ = {isa = PBXBuildFile; fileRef = F13125D52DD3DC4100DD886C /* HomeService.swift */; };
		F13125DB2DD3DC4100DD886C /* StorageService.swift in Sources */ = {isa = PBXBuildFile; fileRef = F13125D72DD3DC4100DD886C /* StorageService.swift */; };
		F13125DC2DD3DC4100DD886C /* NetworkConfig.swift in Sources */ = {isa = PBXBuildFile; fileRef = F13125D62DD3DC4100DD886C /* NetworkConfig.swift */; };
		F13126032DD3F33E00DD886C /* LifeUpdate.swift in Sources */ = {isa = PBXBuildFile; fileRef = F13126012DD3F33E00DD886C /* LifeUpdate.swift */; };
		F13126042DD3F33E00DD886C /* DateExtension.swift in Sources */ = {isa = PBXBuildFile; fileRef = F13126002DD3F33E00DD886C /* DateExtension.swift */; };
		F13126052DD3F33E00DD886C /* Artwork.swift in Sources */ = {isa = PBXBuildFile; fileRef = F13125FE2DD3F33E00DD886C /* Artwork.swift */; };
		F13126062DD3F33E00DD886C /* Comment.swift in Sources */ = {isa = PBXBuildFile; fileRef = F13125FF2DD3F33E00DD886C /* Comment.swift */; };
		F14BBC8C2DD3FC0B00243551 /* User.swift in Sources */ = {isa = PBXBuildFile; fileRef = F14BBC8A2DD3FC0B00243551 /* User.swift */; };
/* End PBXBuildFile section */

/* Begin PBXFileReference section */
		E902704C2DC8AE4400469B3B /* AppTabBar.swift */ = {isa = PBXFileReference; lastKnownFileType = sourcecode.swift; name = AppTabBar.swift; path = Shared/Components/AppTabBar.swift; sourceTree = SOURCE_ROOT; };
		E902704E2DC8BB5100469B3B /* ProfileView.swift */ = {isa = PBXFileReference; lastKnownFileType = sourcecode.swift; name = ProfileView.swift; path = Profile/ProfileViews/ProfileView.swift; sourceTree = SOURCE_ROOT; };
		E97BB2322DBFBB0F00B28FDF /* tart_prototype.app */ = {isa = PBXFileReference; explicitFileType = wrapper.application; includeInIndex = 0; path = tart_prototype.app; sourceTree = BUILT_PRODUCTS_DIR; };
		E97BB2352DBFBB0F00B28FDF /* tart_prototypeApp.swift */ = {isa = PBXFileReference; lastKnownFileType = sourcecode.swift; path = tart_prototypeApp.swift; sourceTree = "<group>"; };
		E97BB2372DBFBB0F00B28FDF /* ContentView.swift */ = {isa = PBXFileReference; lastKnownFileType = sourcecode.swift; path = ContentView.swift; sourceTree = "<group>"; };
		E97BB2392DBFBB1000B28FDF /* Assets.xcassets */ = {isa = PBXFileReference; lastKnownFileType = folder.assetcatalog; path = Assets.xcassets; sourceTree = "<group>"; };
		E97BB23C2DBFBB1000B28FDF /* Preview Assets.xcassets */ = {isa = PBXFileReference; lastKnownFileType = folder.assetcatalog; path = "Preview Assets.xcassets"; sourceTree = "<group>"; };
		E9C19DA12DBFC89800783E16 /* LoginView.swift */ = {isa = PBXFileReference; lastKnownFileType = sourcecode.swift; path = LoginView.swift; sourceTree = "<group>"; };
		E9DEB6AB2DC10209006D502D /* HomeView.swift */ = {isa = PBXFileReference; lastKnownFileType = sourcecode.swift; path = HomeView.swift; sourceTree = "<group>"; };
		E9DEB6AF2DC10341006D502D /* ArtworkCardView.swift */ = {isa = PBXFileReference; lastKnownFileType = sourcecode.swift; path = ArtworkCardView.swift; sourceTree = "<group>"; };
		E9DEB6B12DC10393006D502D /* InputOverley.swift */ = {isa = PBXFileReference; lastKnownFileType = sourcecode.swift; path = InputOverley.swift; sourceTree = "<group>"; };
		E9E6F1412DCB37D10015BE6E /* FollowersView.swift */ = {isa = PBXFileReference; lastKnownFileType = sourcecode.swift; path = FollowersView.swift; sourceTree = "<group>"; };
		E9E6F1432DCB37E90015BE6E /* CommentsMentionsView.swift */ = {isa = PBXFileReference; lastKnownFileType = sourcecode.swift; path = CommentsMentionsView.swift; sourceTree = "<group>"; };
		E9E6F1452DCB3B0D0015BE6E /* EditProfileView.swift */ = {isa = PBXFileReference; lastKnownFileType = sourcecode.swift; name = EditProfileView.swift; path = Profile/ProfileViews/EditProfileView.swift; sourceTree = SOURCE_ROOT; };
		E9E6F1472DCB42DC0015BE6E /* ProfileModel.swift */ = {isa = PBXFileReference; lastKnownFileType = sourcecode.swift; name = ProfileModel.swift; path = Profile/ViewModels/ProfileModel.swift; sourceTree = SOURCE_ROOT; };
		E9EF52C12DC22F0900FD480A /* ArtworkDetailView.swift */ = {isa = PBXFileReference; lastKnownFileType = sourcecode.swift; path = ArtworkDetailView.swift; sourceTree = "<group>"; };
		E9EF52C32DC22F5400FD480A /* LifeUpdatesView.swift */ = {isa = PBXFileReference; lastKnownFileType = sourcecode.swift; path = LifeUpdatesView.swift; sourceTree = "<group>"; };
		E9EF52C52DC26F3400FD480A /* LifeUpdateDetailView.swift */ = {isa = PBXFileReference; lastKnownFileType = sourcecode.swift; path = LifeUpdateDetailView.swift; sourceTree = "<group>"; };
		E9FD935D2DC9EA25009CF6B4 /* ComponentsLibrary.swift */ = {isa = PBXFileReference; lastKnownFileType = sourcecode.swift; name = ComponentsLibrary.swift; path = Message/MessageViews/Components/ComponentsLibrary.swift; sourceTree = SOURCE_ROOT; };
		E9FD935F2DC9EA35009CF6B4 /* ImagePickerView.swift */ = {isa = PBXFileReference; lastKnownFileType = sourcecode.swift; name = ImagePickerView.swift; path = Message/MessageViews/Components/ImagePickerView.swift; sourceTree = SOURCE_ROOT; };
		E9FD93612DC9EA60009CF6B4 /* MessageView.swift */ = {isa = PBXFileReference; lastKnownFileType = sourcecode.swift; path = MessageView.swift; sourceTree = "<group>"; };
		E9FD93632DC9EA7D009CF6B4 /* ChatDetailView.swift */ = {isa = PBXFileReference; lastKnownFileType = sourcecode.swift; path = ChatDetailView.swift; sourceTree = "<group>"; };
		E9FD93662DC9EAB9009CF6B4 /* MessageModels.swift */ = {isa = PBXFileReference; lastKnownFileType = sourcecode.swift; path = MessageModels.swift; sourceTree = "<group>"; };
		E9FD936A2DC9FA41009CF6B4 /* ArtworkUploadView.swift */ = {isa = PBXFileReference; lastKnownFileType = sourcecode.swift; name = ArtworkUploadView.swift; path = Profile/ProfileViews/ArtworkUploadView.swift; sourceTree = SOURCE_ROOT; };
		F13125C32DD3DBF600DD886C /* ArtworkViewModel.swift */ = {isa = PBXFileReference; lastKnownFileType = sourcecode.swift; path = ArtworkViewModel.swift; sourceTree = "<group>"; };
		F13125C42DD3DBF600DD886C /* HomeViewModel.swift */ = {isa = PBXFileReference; lastKnownFileType = sourcecode.swift; path = HomeViewModel.swift; sourceTree = "<group>"; };
		F13125C52DD3DBF600DD886C /* LifeUpdateViewModel.swift */ = {isa = PBXFileReference; lastKnownFileType = sourcecode.swift; path = LifeUpdateViewModel.swift; sourceTree = "<group>"; };
		F13125C62DD3DBF600DD886C /* MockData.swift */ = {isa = PBXFileReference; lastKnownFileType = sourcecode.swift; path = MockData.swift; sourceTree = "<group>"; };
		F13125D42DD3DC4100DD886C /* AuthService.swift */ = {isa = PBXFileReference; lastKnownFileType = sourcecode.swift; path = AuthService.swift; sourceTree = "<group>"; };
		F13125D52DD3DC4100DD886C /* HomeService.swift */ = {isa = PBXFileReference; lastKnownFileType = sourcecode.swift; path = HomeService.swift; sourceTree = "<group>"; };
		F13125D62DD3DC4100DD886C /* NetworkConfig.swift */ = {isa = PBXFileReference; lastKnownFileType = sourcecode.swift; path = NetworkConfig.swift; sourceTree = "<group>"; };
		F13125D72DD3DC4100DD886C /* StorageService.swift */ = {isa = PBXFileReference; lastKnownFileType = sourcecode.swift; path = StorageService.swift; sourceTree = "<group>"; };
		F13125FE2DD3F33E00DD886C /* Artwork.swift */ = {isa = PBXFileReference; lastKnownFileType = sourcecode.swift; path = Artwork.swift; sourceTree = "<group>"; };
		F13125FF2DD3F33E00DD886C /* Comment.swift */ = {isa = PBXFileReference; lastKnownFileType = sourcecode.swift; path = Comment.swift; sourceTree = "<group>"; };
		F13126002DD3F33E00DD886C /* DateExtension.swift */ = {isa = PBXFileReference; lastKnownFileType = sourcecode.swift; path = DateExtension.swift; sourceTree = "<group>"; };
		F13126012DD3F33E00DD886C /* LifeUpdate.swift */ = {isa = PBXFileReference; lastKnownFileType = sourcecode.swift; path = LifeUpdate.swift; sourceTree = "<group>"; };
		F14BBC8A2DD3FC0B00243551 /* User.swift */ = {isa = PBXFileReference; lastKnownFileType = sourcecode.swift; path = User.swift; sourceTree = "<group>"; };
/* End PBXFileReference section */

/* Begin PBXFrameworksBuildPhase section */
		E97BB22F2DBFBB0F00B28FDF /* Frameworks */ = {
			isa = PBXFrameworksBuildPhase;
			buildActionMask = 2147483647;
			files = (
			);
			runOnlyForDeploymentPostprocessing = 0;
		};
/* End PBXFrameworksBuildPhase section */

/* Begin PBXGroup section */
		E97BB2292DBFBB0F00B28FDF = {
			isa = PBXGroup;
			children = (
				E97BB2342DBFBB0F00B28FDF /* tart_prototype */,
				E97BB2432DBFBB2500B28FDF /* Login */,
				E97BB24B2DBFC7BD00B28FDF /* Home */,
				E9FD93582DC9E97A009CF6B4 /* Message */,
				E97BB2332DBFBB0F00B28FDF /* Products */,
				F13125D82DD3DC4100DD886C /* Services */,
				F14BBC892DD3F86700243551 /* Recovered References */,
			);
			sourceTree = "<group>";
		};
		E97BB2332DBFBB0F00B28FDF /* Products */ = {
			isa = PBXGroup;
			children = (
				E97BB2322DBFBB0F00B28FDF /* tart_prototype.app */,
			);
			name = Products;
			sourceTree = "<group>";
		};
		E97BB2342DBFBB0F00B28FDF /* tart_prototype */ = {
			isa = PBXGroup;
			children = (
				E97BB2352DBFBB0F00B28FDF /* tart_prototypeApp.swift */,
				E97BB2372DBFBB0F00B28FDF /* ContentView.swift */,
				E97BB2392DBFBB1000B28FDF /* Assets.xcassets */,
				E97BB23B2DBFBB1000B28FDF /* Preview Content */,
			);
			path = tart_prototype;
			sourceTree = "<group>";
		};
		E97BB23B2DBFBB1000B28FDF /* Preview Content */ = {
			isa = PBXGroup;
			children = (
				E97BB23C2DBFBB1000B28FDF /* Preview Assets.xcassets */,
			);
			path = "Preview Content";
			sourceTree = "<group>";
		};
		E97BB2432DBFBB2500B28FDF /* Login */ = {
			isa = PBXGroup;
			children = (
				E9C19DBF2DBFCA3500783E16 /* LoginViews */,
			);
			path = Login;
			sourceTree = "<group>";
		};
		E97BB24B2DBFC7BD00B28FDF /* Home */ = {
			isa = PBXGroup;
			children = (
				F13126022DD3F33E00DD886C /* Models */,
				E9C19DC02DC055C700783E16 /* ViewModels */,
				E9C19DA02DBFC86B00783E16 /* HomeViews */,
			);
			path = Home;
			sourceTree = "<group>";
		};
		E9C19DA02DBFC86B00783E16 /* HomeViews */ = {
			isa = PBXGroup;
			children = (
				E9DEB6AB2DC10209006D502D /* HomeView.swift */,
				E9DEB6B12DC10393006D502D /* InputOverley.swift */,
				E9DEB6AF2DC10341006D502D /* ArtworkCardView.swift */,
				E9EF52C12DC22F0900FD480A /* ArtworkDetailView.swift */,
				E9EF52C32DC22F5400FD480A /* LifeUpdatesView.swift */,
				E9EF52C52DC26F3400FD480A /* LifeUpdateDetailView.swift */,
			);
			path = HomeViews;
			sourceTree = "<group>";
		};
		E9C19DBF2DBFCA3500783E16 /* LoginViews */ = {
			isa = PBXGroup;
			children = (
				E9C19DA12DBFC89800783E16 /* LoginView.swift */,
			);
			path = LoginViews;
			sourceTree = "<group>";
		};
		E9C19DC02DC055C700783E16 /* ViewModels */ = {
			isa = PBXGroup;
			children = (
				F13125C32DD3DBF600DD886C /* ArtworkViewModel.swift */,
				F13125C42DD3DBF600DD886C /* HomeViewModel.swift */,
				F13125C52DD3DBF600DD886C /* LifeUpdateViewModel.swift */,
				F13125C62DD3DBF600DD886C /* MockData.swift */,
			);
			path = ViewModels;
			sourceTree = "<group>";
		};
		E9FD93582DC9E97A009CF6B4 /* Message */ = {
			isa = PBXGroup;
			children = (
				E9FD935A2DC9E9F5009CF6B4 /* ViewModels */,
				E9FD93592DC9E9D8009CF6B4 /* MessageViews */,
			);
			path = Message;
			sourceTree = "<group>";
		};
		E9FD93592DC9E9D8009CF6B4 /* MessageViews */ = {
			isa = PBXGroup;
			children = (
				E9FD93612DC9EA60009CF6B4 /* MessageView.swift */,
				E9FD93632DC9EA7D009CF6B4 /* ChatDetailView.swift */,
				E9E6F1412DCB37D10015BE6E /* FollowersView.swift */,
				E9E6F1432DCB37E90015BE6E /* CommentsMentionsView.swift */,
			);
			path = MessageViews;
			sourceTree = "<group>";
		};
		E9FD935A2DC9E9F5009CF6B4 /* ViewModels */ = {
			isa = PBXGroup;
			children = (
				E9FD93662DC9EAB9009CF6B4 /* MessageModels.swift */,
			);
			path = ViewModels;
			sourceTree = "<group>";
		};
		F13125D82DD3DC4100DD886C /* Services */ = {
			isa = PBXGroup;
			children = (
				F14BBC8B2DD3FC0B00243551 /* Models */,
				F13125D42DD3DC4100DD886C /* AuthService.swift */,
				F13125D52DD3DC4100DD886C /* HomeService.swift */,
				F13125D62DD3DC4100DD886C /* NetworkConfig.swift */,
				F13125D72DD3DC4100DD886C /* StorageService.swift */,
			);
			path = Services;
			sourceTree = "<group>";
		};
		F13126022DD3F33E00DD886C /* Models */ = {
			isa = PBXGroup;
			children = (
				F13125FE2DD3F33E00DD886C /* Artwork.swift */,
				F13125FF2DD3F33E00DD886C /* Comment.swift */,
				F13126002DD3F33E00DD886C /* DateExtension.swift */,
				F13126012DD3F33E00DD886C /* LifeUpdate.swift */,
			);
			path = Models;
			sourceTree = "<group>";
		};
		F14BBC892DD3F86700243551 /* Recovered References */ = {
			isa = PBXGroup;
			children = (
				E9E6F1452DCB3B0D0015BE6E /* EditProfileView.swift */,
				E9E6F1472DCB42DC0015BE6E /* ProfileModel.swift */,
				E9FD935D2DC9EA25009CF6B4 /* ComponentsLibrary.swift */,
				E9FD936A2DC9FA41009CF6B4 /* ArtworkUploadView.swift */,
				E9FD935F2DC9EA35009CF6B4 /* ImagePickerView.swift */,
				E902704C2DC8AE4400469B3B /* AppTabBar.swift */,
				E902704E2DC8BB5100469B3B /* ProfileView.swift */,
			);
			name = "Recovered References";
			sourceTree = "<group>";
		};
		F14BBC8B2DD3FC0B00243551 /* Models */ = {
			isa = PBXGroup;
			children = (
				F14BBC8A2DD3FC0B00243551 /* User.swift */,
			);
			path = Models;
			sourceTree = "<group>";
		};
/* End PBXGroup section */

/* Begin PBXNativeTarget section */
		E97BB2312DBFBB0F00B28FDF /* tart_prototype */ = {
			isa = PBXNativeTarget;
			buildConfigurationList = E97BB2402DBFBB1000B28FDF /* Build configuration list for PBXNativeTarget "tart_prototype" */;
			buildPhases = (
				E97BB22E2DBFBB0F00B28FDF /* Sources */,
				E97BB22F2DBFBB0F00B28FDF /* Frameworks */,
				E97BB2302DBFBB0F00B28FDF /* Resources */,
			);
			buildRules = (
			);
			dependencies = (
			);
			name = tart_prototype;
			productName = tart_prototype;
			productReference = E97BB2322DBFBB0F00B28FDF /* tart_prototype.app */;
			productType = "com.apple.product-type.application";
		};
/* End PBXNativeTarget section */

/* Begin PBXProject section */
		E97BB22A2DBFBB0F00B28FDF /* Project object */ = {
			isa = PBXProject;
			attributes = {
				BuildIndependentTargetsInParallel = 1;
				LastSwiftUpdateCheck = 1540;
				LastUpgradeCheck = 1540;
				TargetAttributes = {
					E97BB2312DBFBB0F00B28FDF = {
						CreatedOnToolsVersion = 15.4;
					};
				};
			};
			buildConfigurationList = E97BB22D2DBFBB0F00B28FDF /* Build configuration list for PBXProject "tart_prototype" */;
			compatibilityVersion = "Xcode 14.0";
			developmentRegion = en;
			hasScannedForEncodings = 0;
			knownRegions = (
				en,
				Base,
			);
			mainGroup = E97BB2292DBFBB0F00B28FDF;
			packageReferences = (
			);
			productRefGroup = E97BB2332DBFBB0F00B28FDF /* Products */;
			projectDirPath = "";
			projectRoot = "";
			targets = (
				E97BB2312DBFBB0F00B28FDF /* tart_prototype */,
			);
		};
/* End PBXProject section */

/* Begin PBXResourcesBuildPhase section */
		E97BB2302DBFBB0F00B28FDF /* Resources */ = {
			isa = PBXResourcesBuildPhase;
			buildActionMask = 2147483647;
			files = (
				E97BB23D2DBFBB1000B28FDF /* Preview Assets.xcassets in Resources */,
				E97BB23A2DBFBB1000B28FDF /* Assets.xcassets in Resources */,
			);
			runOnlyForDeploymentPostprocessing = 0;
		};
/* End PBXResourcesBuildPhase section */

/* Begin PBXSourcesBuildPhase section */
		E97BB22E2DBFBB0F00B28FDF /* Sources */ = {
			isa = PBXSourcesBuildPhase;
			buildActionMask = 2147483647;
			files = (
				E9E6F1462DCB3B0D0015BE6E /* EditProfileView.swift in Sources */,
				E9E6F1422DCB37D10015BE6E /* FollowersView.swift in Sources */,
				E9C19DA22DBFC89800783E16 /* LoginView.swift in Sources */,
				E9E6F1482DCB42DC0015BE6E /* ProfileModel.swift in Sources */,
				E9FD935E2DC9EA25009CF6B4 /* ComponentsLibrary.swift in Sources */,
				E9FD936B2DC9FA41009CF6B4 /* ArtworkUploadView.swift in Sources */,
				E9DEB6B22DC10393006D502D /* InputOverley.swift in Sources */,
				E9EF52C22DC22F0900FD480A /* ArtworkDetailView.swift in Sources */,
				E9FD93602DC9EA35009CF6B4 /* ImagePickerView.swift in Sources */,
				E9E6F1442DCB37E90015BE6E /* CommentsMentionsView.swift in Sources */,
				E9DEB6AC2DC10209006D502D /* HomeView.swift in Sources */,
				E97BB2382DBFBB0F00B28FDF /* ContentView.swift in Sources */,
				E97BB2362DBFBB0F00B28FDF /* tart_prototypeApp.swift in Sources */,
				E902704D2DC8AE4400469B3B /* AppTabBar.swift in Sources */,
				F13125C72DD3DBF600DD886C /* MockData.swift in Sources */,
				F13125C82DD3DBF600DD886C /* ArtworkViewModel.swift in Sources */,
				F13126032DD3F33E00DD886C /* LifeUpdate.swift in Sources */,
				F13126042DD3F33E00DD886C /* DateExtension.swift in Sources */,
				F13126052DD3F33E00DD886C /* Artwork.swift in Sources */,
				F13126062DD3F33E00DD886C /* Comment.swift in Sources */,
				F13125C92DD3DBF600DD886C /* HomeViewModel.swift in Sources */,
				F13125CA2DD3DBF600DD886C /* LifeUpdateViewModel.swift in Sources */,
				E9FD93672DC9EAB9009CF6B4 /* MessageModels.swift in Sources */,
				E9FD93622DC9EA60009CF6B4 /* MessageView.swift in Sources */,
				F14BBC8C2DD3FC0B00243551 /* User.swift in Sources */,
				E902704F2DC8BB5100469B3B /* ProfileView.swift in Sources */,
				E9EF52C62DC26F3400FD480A /* LifeUpdateDetailView.swift in Sources */,
				F13125D92DD3DC4100DD886C /* AuthService.swift in Sources */,
				F13125DA2DD3DC4100DD886C /* HomeService.swift in Sources */,
				F13125DB2DD3DC4100DD886C /* StorageService.swift in Sources */,
				F13125DC2DD3DC4100DD886C /* NetworkConfig.swift in Sources */,
				E9FD93642DC9EA7D009CF6B4 /* ChatDetailView.swift in Sources */,
				E9EF52C42DC22F5400FD480A /* LifeUpdatesView.swift in Sources */,
				E9DEB6B02DC10341006D502D /* ArtworkCardView.swift in Sources */,
			);
			runOnlyForDeploymentPostprocessing = 0;
		};
/* End PBXSourcesBuildPhase section */

/* Begin XCBuildConfiguration section */
		E97BB23E2DBFBB1000B28FDF /* Debug */ = {
			isa = XCBuildConfiguration;
			buildSettings = {
				ALWAYS_SEARCH_USER_PATHS = NO;
				ASSETCATALOG_COMPILER_GENERATE_SWIFT_ASSET_SYMBOL_EXTENSIONS = YES;
				CLANG_ANALYZER_NONNULL = YES;
				CLANG_ANALYZER_NUMBER_OBJECT_CONVERSION = YES_AGGRESSIVE;
				CLANG_CXX_LANGUAGE_STANDARD = "gnu++20";
				CLANG_ENABLE_MODULES = YES;
				CLANG_ENABLE_OBJC_ARC = YES;
				CLANG_ENABLE_OBJC_WEAK = YES;
				CLANG_WARN_BLOCK_CAPTURE_AUTORELEASING = YES;
				CLANG_WARN_BOOL_CONVERSION = YES;
				CLANG_WARN_COMMA = YES;
				CLANG_WARN_CONSTANT_CONVERSION = YES;
				CLANG_WARN_DEPRECATED_OBJC_IMPLEMENTATIONS = YES;
				CLANG_WARN_DIRECT_OBJC_ISA_USAGE = YES_ERROR;
				CLANG_WARN_DOCUMENTATION_COMMENTS = YES;
				CLANG_WARN_EMPTY_BODY = YES;
				CLANG_WARN_ENUM_CONVERSION = YES;
				CLANG_WARN_INFINITE_RECURSION = YES;
				CLANG_WARN_INT_CONVERSION = YES;
				CLANG_WARN_NON_LITERAL_NULL_CONVERSION = YES;
				CLANG_WARN_OBJC_IMPLICIT_RETAIN_SELF = YES;
				CLANG_WARN_OBJC_LITERAL_CONVERSION = YES;
				CLANG_WARN_OBJC_ROOT_CLASS = YES_ERROR;
				CLANG_WARN_QUOTED_INCLUDE_IN_FRAMEWORK_HEADER = YES;
				CLANG_WARN_RANGE_LOOP_ANALYSIS = YES;
				CLANG_WARN_STRICT_PROTOTYPES = YES;
				CLANG_WARN_SUSPICIOUS_MOVE = YES;
				CLANG_WARN_UNGUARDED_AVAILABILITY = YES_AGGRESSIVE;
				CLANG_WARN_UNREACHABLE_CODE = YES;
				CLANG_WARN__DUPLICATE_METHOD_MATCH = YES;
				COPY_PHASE_STRIP = NO;
				DEBUG_INFORMATION_FORMAT = dwarf;
				ENABLE_STRICT_OBJC_MSGSEND = YES;
				ENABLE_TESTABILITY = YES;
				ENABLE_USER_SCRIPT_SANDBOXING = YES;
				GCC_C_LANGUAGE_STANDARD = gnu17;
				GCC_DYNAMIC_NO_PIC = NO;
				GCC_NO_COMMON_BLOCKS = YES;
				GCC_OPTIMIZATION_LEVEL = 0;
				GCC_PREPROCESSOR_DEFINITIONS = (
					"DEBUG=1",
					"$(inherited)",
				);
				GCC_WARN_64_TO_32_BIT_CONVERSION = YES;
				GCC_WARN_ABOUT_RETURN_TYPE = YES_ERROR;
				GCC_WARN_UNDECLARED_SELECTOR = YES;
				GCC_WARN_UNINITIALIZED_AUTOS = YES_AGGRESSIVE;
				GCC_WARN_UNUSED_FUNCTION = YES;
				GCC_WARN_UNUSED_VARIABLE = YES;
				IPHONEOS_DEPLOYMENT_TARGET = 17.5;
				LOCALIZATION_PREFERS_STRING_CATALOGS = YES;
				MTL_ENABLE_DEBUG_INFO = INCLUDE_SOURCE;
				MTL_FAST_MATH = YES;
				ONLY_ACTIVE_ARCH = YES;
				SDKROOT = iphoneos;
				SWIFT_ACTIVE_COMPILATION_CONDITIONS = "DEBUG $(inherited)";
				SWIFT_OPTIMIZATION_LEVEL = "-Onone";
			};
			name = Debug;
		};
		E97BB23F2DBFBB1000B28FDF /* Release */ = {
			isa = XCBuildConfiguration;
			buildSettings = {
				ALWAYS_SEARCH_USER_PATHS = NO;
				ASSETCATALOG_COMPILER_GENERATE_SWIFT_ASSET_SYMBOL_EXTENSIONS = YES;
				CLANG_ANALYZER_NONNULL = YES;
				CLANG_ANALYZER_NUMBER_OBJECT_CONVERSION = YES_AGGRESSIVE;
				CLANG_CXX_LANGUAGE_STANDARD = "gnu++20";
				CLANG_ENABLE_MODULES = YES;
				CLANG_ENABLE_OBJC_ARC = YES;
				CLANG_ENABLE_OBJC_WEAK = YES;
				CLANG_WARN_BLOCK_CAPTURE_AUTORELEASING = YES;
				CLANG_WARN_BOOL_CONVERSION = YES;
				CLANG_WARN_COMMA = YES;
				CLANG_WARN_CONSTANT_CONVERSION = YES;
				CLANG_WARN_DEPRECATED_OBJC_IMPLEMENTATIONS = YES;
				CLANG_WARN_DIRECT_OBJC_ISA_USAGE = YES_ERROR;
				CLANG_WARN_DOCUMENTATION_COMMENTS = YES;
				CLANG_WARN_EMPTY_BODY = YES;
				CLANG_WARN_ENUM_CONVERSION = YES;
				CLANG_WARN_INFINITE_RECURSION = YES;
				CLANG_WARN_INT_CONVERSION = YES;
				CLANG_WARN_NON_LITERAL_NULL_CONVERSION = YES;
				CLANG_WARN_OBJC_IMPLICIT_RETAIN_SELF = YES;
				CLANG_WARN_OBJC_LITERAL_CONVERSION = YES;
				CLANG_WARN_OBJC_ROOT_CLASS = YES_ERROR;
				CLANG_WARN_QUOTED_INCLUDE_IN_FRAMEWORK_HEADER = YES;
				CLANG_WARN_RANGE_LOOP_ANALYSIS = YES;
				CLANG_WARN_STRICT_PROTOTYPES = YES;
				CLANG_WARN_SUSPICIOUS_MOVE = YES;
				CLANG_WARN_UNGUARDED_AVAILABILITY = YES_AGGRESSIVE;
				CLANG_WARN_UNREACHABLE_CODE = YES;
				CLANG_WARN__DUPLICATE_METHOD_MATCH = YES;
				COPY_PHASE_STRIP = NO;
				DEBUG_INFORMATION_FORMAT = "dwarf-with-dsym";
				ENABLE_NS_ASSERTIONS = NO;
				ENABLE_STRICT_OBJC_MSGSEND = YES;
				ENABLE_USER_SCRIPT_SANDBOXING = YES;
				GCC_C_LANGUAGE_STANDARD = gnu17;
				GCC_NO_COMMON_BLOCKS = YES;
				GCC_WARN_64_TO_32_BIT_CONVERSION = YES;
				GCC_WARN_ABOUT_RETURN_TYPE = YES_ERROR;
				GCC_WARN_UNDECLARED_SELECTOR = YES;
				GCC_WARN_UNINITIALIZED_AUTOS = YES_AGGRESSIVE;
				GCC_WARN_UNUSED_FUNCTION = YES;
				GCC_WARN_UNUSED_VARIABLE = YES;
				IPHONEOS_DEPLOYMENT_TARGET = 17.5;
				LOCALIZATION_PREFERS_STRING_CATALOGS = YES;
				MTL_ENABLE_DEBUG_INFO = NO;
				MTL_FAST_MATH = YES;
				SDKROOT = iphoneos;
				SWIFT_COMPILATION_MODE = wholemodule;
				VALIDATE_PRODUCT = YES;
			};
			name = Release;
		};
		E97BB2412DBFBB1000B28FDF /* Debug */ = {
			isa = XCBuildConfiguration;
			buildSettings = {
				ASSETCATALOG_COMPILER_APPICON_NAME = AppIcon;
				ASSETCATALOG_COMPILER_GLOBAL_ACCENT_COLOR_NAME = AccentColor;
				CODE_SIGN_STYLE = Automatic;
				CURRENT_PROJECT_VERSION = 1;
				DEVELOPMENT_ASSET_PATHS = "\"tart_prototype/Preview Content\"";
				ENABLE_PREVIEWS = YES;
				GENERATE_INFOPLIST_FILE = YES;
				INFOPLIST_KEY_UIApplicationSceneManifest_Generation = YES;
				INFOPLIST_KEY_UIApplicationSupportsIndirectInputEvents = YES;
				INFOPLIST_KEY_UILaunchScreen_Generation = YES;
				INFOPLIST_KEY_UISupportedInterfaceOrientations_iPad = "UIInterfaceOrientationPortrait UIInterfaceOrientationPortraitUpsideDown UIInterfaceOrientationLandscapeLeft UIInterfaceOrientationLandscapeRight";
				INFOPLIST_KEY_UISupportedInterfaceOrientations_iPhone = "UIInterfaceOrientationPortrait UIInterfaceOrientationLandscapeLeft UIInterfaceOrientationLandscapeRight";
				LD_RUNPATH_SEARCH_PATHS = (
					"$(inherited)",
					"@executable_path/Frameworks",
				);
				MARKETING_VERSION = 1.0;
				PRODUCT_BUNDLE_IDENTIFIER = "me.lin.zhengxian.tart-prototype";
				PRODUCT_NAME = "$(TARGET_NAME)";
				SWIFT_EMIT_LOC_STRINGS = YES;
				SWIFT_VERSION = 5.0;
				TARGETED_DEVICE_FAMILY = "1,2";
			};
			name = Debug;
		};
		E97BB2422DBFBB1000B28FDF /* Release */ = {
			isa = XCBuildConfiguration;
			buildSettings = {
				ASSETCATALOG_COMPILER_APPICON_NAME = AppIcon;
				ASSETCATALOG_COMPILER_GLOBAL_ACCENT_COLOR_NAME = AccentColor;
				CODE_SIGN_STYLE = Automatic;
				CURRENT_PROJECT_VERSION = 1;
				DEVELOPMENT_ASSET_PATHS = "\"tart_prototype/Preview Content\"";
				ENABLE_PREVIEWS = YES;
				GENERATE_INFOPLIST_FILE = YES;
				INFOPLIST_KEY_UIApplicationSceneManifest_Generation = YES;
				INFOPLIST_KEY_UIApplicationSupportsIndirectInputEvents = YES;
				INFOPLIST_KEY_UILaunchScreen_Generation = YES;
				INFOPLIST_KEY_UISupportedInterfaceOrientations_iPad = "UIInterfaceOrientationPortrait UIInterfaceOrientationPortraitUpsideDown UIInterfaceOrientationLandscapeLeft UIInterfaceOrientationLandscapeRight";
				INFOPLIST_KEY_UISupportedInterfaceOrientations_iPhone = "UIInterfaceOrientationPortrait UIInterfaceOrientationLandscapeLeft UIInterfaceOrientationLandscapeRight";
				LD_RUNPATH_SEARCH_PATHS = (
					"$(inherited)",
					"@executable_path/Frameworks",
				);
				MARKETING_VERSION = 1.0;
				PRODUCT_BUNDLE_IDENTIFIER = "me.lin.zhengxian.tart-prototype";
				PRODUCT_NAME = "$(TARGET_NAME)";
				SWIFT_EMIT_LOC_STRINGS = YES;
				SWIFT_VERSION = 5.0;
				TARGETED_DEVICE_FAMILY = "1,2";
			};
			name = Release;
		};
/* End XCBuildConfiguration section */

/* Begin XCConfigurationList section */
		E97BB22D2DBFBB0F00B28FDF /* Build configuration list for PBXProject "tart_prototype" */ = {
			isa = XCConfigurationList;
			buildConfigurations = (
				E97BB23E2DBFBB1000B28FDF /* Debug */,
				E97BB23F2DBFBB1000B28FDF /* Release */,
			);
			defaultConfigurationIsVisible = 0;
			defaultConfigurationName = Release;
		};
		E97BB2402DBFBB1000B28FDF /* Build configuration list for PBXNativeTarget "tart_prototype" */ = {
			isa = XCConfigurationList;
			buildConfigurations = (
				E97BB2412DBFBB1000B28FDF /* Debug */,
				E97BB2422DBFBB1000B28FDF /* Release */,
			);
			defaultConfigurationIsVisible = 0;
			defaultConfigurationName = Release;
		};
/* End XCConfigurationList section */
	};
	rootObject = E97BB22A2DBFBB0F00B28FDF /* Project object */;
}
